
Microsoft Visual Studio Solution File, Format Version 12.00
# Visual Studio Version 16
VisualStudioVersion = 16.0.29806.167
MinimumVisualStudioVersion = 10.0.40219.1
Project("{FAE04EC0-301F-11D3-BF4B-00C04F79EFBC}") = "P2P Chat", ".\P2P Chat\P2P Chat.csproj", "{0C206FA1-7581-49A1-98C6-F84D9A59DD78}"
EndProject
Project("{FAE04EC0-301F-11D3-BF4B-00C04F79EFBC}") = "Lobby", ".\Lobby\Lobby.csproj", "{45CE425A-70E7-4CCA-A074-DC6F3CD5CA36}"
EndProject
Project("{FAE04EC0-301F-11D3-BF4B-00C04F79EFBC}") = "Common", ".\Common\Common.csproj", "{880D35DC-E1A6-40E4-978C-649AEF55165A}"
EndProject
Global
	GlobalSection(SolutionConfigurationPlatforms) = preSolution
		Debug|Any CPU = Debug|Any CPU
		Release|Any CPU = Release|Any CPU
	EndGlobalSection
	GlobalSection(ProjectConfigurationPlatforms) = postSolution
		{0C206FA1-7581-49A1-98C6-F84D9A59DD78}.Debug|Any CPU.ActiveCfg = Debug|Any CPU
		{0C206FA1-7581-49A1-98C6-F84D9A59DD78}.Debug|Any CPU.Build.0 = Debug|Any CPU
		{0C206FA1-7581-49A1-98C6-F84D9A59DD78}.Release|Any CPU.ActiveCfg = Release|Any CPU
		{0C206FA1-7581-49A1-98C6-F84D9A59DD78}.Release|Any CPU.Build.0 = Release|Any CPU
		{45CE425A-70E7-4CCA-A074-DC6F3CD5CA36}.Debug|Any CPU.ActiveCfg = Debug|Any CPU
		{45CE425A-70E7-4CCA-A074-DC6F3CD5CA36}.Debug|Any CPU.Build.0 = Debug|Any CPU
		{45CE425A-70E7-4CCA-A074-DC6F3CD5CA36}.Release|Any CPU.ActiveCfg = Release|Any CPU
		{45CE425A-70E7-4CCA-A074-DC6F3CD5CA36}.Release|Any CPU.Build.0 = Release|Any CPU
		{880D35DC-E1A6-40E4-978C-649AEF55165A}.Debug|Any CPU.ActiveCfg = Debug|Any CPU
		{880D35DC-E1A6-40E4-978C-649AEF55165A}.Debug|Any CPU.Build.0 = Debug|Any CPU
		{880D35DC-E1A6-40E4-978C-649AEF55165A}.Release|Any CPU.ActiveCfg = Release|Any CPU
		{880D35DC-E1A6-40E4-978C-649AEF55165A}.Release|Any CPU.Build.0 = Release|Any CPU
	EndGlobalSection
	GlobalSection(SolutionProperties) = preSolution
		HideSolutionNode = FALSE
	EndGlobalSection
	GlobalSection(ExtensibilityGlobals) = postSolution
		SolutionGuid = {DCBA66FB-1B1B-4B10-A6B6-F981B4002E98}
	EndGlobalSection
EndGlobal
